
Microsoft Visual Studio Solution File, Format Version 12.00
# Visual Studio Version 17
VisualStudioVersion = 17.3.32922.545
MinimumVisualStudioVersion = 10.0.40219.1
Project("{FAE04EC0-301F-11D3-BF4B-00C04F79EFBC}") = "DATN.Server", "DATN\Server\DATN.Server.csproj", "{52AFF118-F81A-4CE3-BE22-56CA2A6DDF0A}"
EndProject
Project("{FAE04EC0-301F-11D3-BF4B-00C04F79EFBC}") = "DATN.Client", "DATN\Client\DATN.Client.csproj", "{FC62D0CD-3F60-4FFB-B2E7-6D717DF264A2}"
EndProject
Project("{FAE04EC0-301F-11D3-BF4B-00C04F79EFBC}") = "DATN.Shared", "DATN\Shared\DATN.Shared.csproj", "{30283EE7-4305-4C5A-9748-7BD9230CF1A2}"
EndProject
Global
	GlobalSection(SolutionConfigurationPlatforms) = preSolution
		Debug|Any CPU = Debug|Any CPU
		Release|Any CPU = Release|Any CPU
	EndGlobalSection
	GlobalSection(ProjectConfigurationPlatforms) = postSolution
		{52AFF118-F81A-4CE3-BE22-56CA2A6DDF0A}.Debug|Any CPU.ActiveCfg = Debug|Any CPU
		{52AFF118-F81A-4CE3-BE22-56CA2A6DDF0A}.Debug|Any CPU.Build.0 = Debug|Any CPU
		{52AFF118-F81A-4CE3-BE22-56CA2A6DDF0A}.Release|Any CPU.ActiveCfg = Release|Any CPU
		{52AFF118-F81A-4CE3-BE22-56CA2A6DDF0A}.Release|Any CPU.Build.0 = Release|Any CPU
		{FC62D0CD-3F60-4FFB-B2E7-6D717DF264A2}.Debug|Any CPU.ActiveCfg = Debug|Any CPU
		{FC62D0CD-3F60-4FFB-B2E7-6D717DF264A2}.Debug|Any CPU.Build.0 = Debug|Any CPU
		{FC62D0CD-3F60-4FFB-B2E7-6D717DF264A2}.Release|Any CPU.ActiveCfg = Release|Any CPU
		{FC62D0CD-3F60-4FFB-B2E7-6D717DF264A2}.Release|Any CPU.Build.0 = Release|Any CPU
		{30283EE7-4305-4C5A-9748-7BD9230CF1A2}.Debug|Any CPU.ActiveCfg = Debug|Any CPU
		{30283EE7-4305-4C5A-9748-7BD9230CF1A2}.Debug|Any CPU.Build.0 = Debug|Any CPU
		{30283EE7-4305-4C5A-9748-7BD9230CF1A2}.Release|Any CPU.ActiveCfg = Release|Any CPU
		{30283EE7-4305-4C5A-9748-7BD9230CF1A2}.Release|Any CPU.Build.0 = Release|Any CPU
	EndGlobalSection
	GlobalSection(SolutionProperties) = preSolution
		HideSolutionNode = FALSE
	EndGlobalSection
	GlobalSection(ExtensibilityGlobals) = postSolution
		SolutionGuid = {036CA6AC-6D9B-4156-BC58-0C37F4D6A15E}
	EndGlobalSection
EndGlobal
